# THIS IS AN AUTOGENERATED FILE. DO NOT EDIT THIS FILE DIRECTLY.
# yarn lockfile v1


"@coderspirit/nominal-symbols@^1.0.1":
  version "1.0.1"
  resolved "https://registry.yarnpkg.com/@coderspirit/nominal-symbols/-/nominal-symbols-1.0.1.tgz#a092d815b817a87ffe5e90d4a7bb7363b374851a"
  integrity sha512-Vlb0AgN7aciQ1W+gWzejr+cewFt1xSmDmBm7lO5uuNQ3AAzRuQoOPGrROToTsoVMbq5W+D7cj8O9XqUpOIP18g==

"@coderspirit/nominal@^3.0.0":
  version "3.2.1"
  resolved "https://registry.yarnpkg.com/@coderspirit/nominal/-/nominal-3.2.1.tgz#c65fac3bdc76f063603401dc1efcb10a7d8a0448"
  integrity sha512-iouMTqQ0+pFI5YmBc6+D3XEYDcUftLo89dP8MEHkqkUEA0w4GYtZywQplgeici6jByrmLHcM4M5c3k6l2XDI1A==
  dependencies:
    "@coderspirit/nominal-symbols" "^1.0.1"

"@types/node@^16.11.6":
  version "16.11.49"
  resolved "https://registry.yarnpkg.com/@types/node/-/node-16.11.49.tgz#560b1ea774b61e19a89c3fc72d2dcaa3863f38b2"
  integrity sha512-Abq9fBviLV93OiXMu+f6r0elxCzRwc0RC5f99cU892uBITL44pTvgvEqlRlPRi8EGcO1z7Cp8A4d0s/p3J/+Nw==

dotenv@^10.0.0:
  version "10.0.0"
  resolved "https://registry.yarnpkg.com/dotenv/-/dotenv-10.0.0.tgz#3d4227b8fb95f81096cdd2b66653fb2c7085ba81"
  integrity sha512-rlBi9d8jpv9Sf1klPjNfFAuWDjKLwTIJJ/VxtoTwIR6hnZxcEOQCZg2oIL3MWBYw5GpUDKOEnND7LXTbIpQ03Q==

typescript@^4.4.4:
  version "4.7.4"
  resolved "https://registry.yarnpkg.com/typescript/-/typescript-4.7.4.tgz#1a88596d1cf47d59507a1bcdfb5b9dfe4d488235"
  integrity sha512-C0WQT0gezHuw6AdY1M2jxUO83Rjf0HP7Sk1DtXj6j1EwkQNZrHAg2XPWlq62oqEhYvONq5pkC2Y9oPljWToLmQ==
